
Microsoft Visual Studio Solution File, Format Version 12.00
# Visual Studio Version 16
VisualStudioVersion = 16.0.31911.196
MinimumVisualStudioVersion = 10.0.40219.1
Project("{9A19103F-16F7-4668-BE54-9A1E7A4F7556}") = "Http.Resilience", "Http.Resilience\Http.Resilience.csproj", "{5575E4C6-9B38-4EDA-A22B-61635CC9CB6A}"
EndProject
Project("{2150E333-8FDC-42A3-9474-1A3956D46DE8}") = "Solution Items", "Solution Items", "{1F7D5058-2990-4E1F-86A8-4962C8D8C6EA}"
	ProjectSection(SolutionItems) = preProject
		.editorconfig = .editorconfig
		.gitignore = .gitignore
		build.yml = build.yml
		README.md = README.md
	EndProjectSection
EndProject
Project("{2150E333-8FDC-42A3-9474-1A3956D46DE8}") = "Tests", "Tests", "{FC97B7AB-4A68-4733-BF74-9AF0E97237BE}"
EndProject
Project("{9A19103F-16F7-4668-BE54-9A1E7A4F7556}") = "Http.Resilience.Tests", "Tests\Http.Resilience.Tests\Http.Resilience.Tests.csproj", "{B3D57C4B-B83D-46AD-BC5D-D0D127411DD9}"
EndProject
Project("{2150E333-8FDC-42A3-9474-1A3956D46DE8}") = "Samples", "Samples", "{9AFDACA6-FC62-41E9-ABE9-0DE11CBD12F4}"
EndProject
Project("{FAE04EC0-301F-11D3-BF4B-00C04F79EFBC}") = "ResilienceConsole", "Samples\ResilienceConsole\ResilienceConsole.csproj", "{2C067B43-33D3-4EEC-95A9-07405D3AC6F3}"
EndProject
Global
	GlobalSection(SolutionConfigurationPlatforms) = preSolution
		Debug|Any CPU = Debug|Any CPU
		Release|Any CPU = Release|Any CPU
	EndGlobalSection
	GlobalSection(ProjectConfigurationPlatforms) = postSolution
		{5575E4C6-9B38-4EDA-A22B-61635CC9CB6A}.Debug|Any CPU.ActiveCfg = Debug|Any CPU
		{5575E4C6-9B38-4EDA-A22B-61635CC9CB6A}.Debug|Any CPU.Build.0 = Debug|Any CPU
		{5575E4C6-9B38-4EDA-A22B-61635CC9CB6A}.Release|Any CPU.ActiveCfg = Release|Any CPU
		{5575E4C6-9B38-4EDA-A22B-61635CC9CB6A}.Release|Any CPU.Build.0 = Release|Any CPU
		{B3D57C4B-B83D-46AD-BC5D-D0D127411DD9}.Debug|Any CPU.ActiveCfg = Debug|Any CPU
		{B3D57C4B-B83D-46AD-BC5D-D0D127411DD9}.Debug|Any CPU.Build.0 = Debug|Any CPU
		{B3D57C4B-B83D-46AD-BC5D-D0D127411DD9}.Release|Any CPU.ActiveCfg = Release|Any CPU
		{B3D57C4B-B83D-46AD-BC5D-D0D127411DD9}.Release|Any CPU.Build.0 = Release|Any CPU
		{2C067B43-33D3-4EEC-95A9-07405D3AC6F3}.Debug|Any CPU.ActiveCfg = Debug|Any CPU
		{2C067B43-33D3-4EEC-95A9-07405D3AC6F3}.Debug|Any CPU.Build.0 = Debug|Any CPU
		{2C067B43-33D3-4EEC-95A9-07405D3AC6F3}.Release|Any CPU.ActiveCfg = Release|Any CPU
		{2C067B43-33D3-4EEC-95A9-07405D3AC6F3}.Release|Any CPU.Build.0 = Release|Any CPU
	EndGlobalSection
	GlobalSection(SolutionProperties) = preSolution
		HideSolutionNode = FALSE
	EndGlobalSection
	GlobalSection(NestedProjects) = preSolution
		{B3D57C4B-B83D-46AD-BC5D-D0D127411DD9} = {FC97B7AB-4A68-4733-BF74-9AF0E97237BE}
		{2C067B43-33D3-4EEC-95A9-07405D3AC6F3} = {9AFDACA6-FC62-41E9-ABE9-0DE11CBD12F4}
	EndGlobalSection
	GlobalSection(ExtensibilityGlobals) = postSolution
		SolutionGuid = {4C966F88-5D95-4246-998B-B6519BCFE2D9}
	EndGlobalSection
EndGlobal
